
Microsoft Visual Studio Solution File, Format Version 12.00
# Visual Studio 14
VisualStudioVersion = 14.0.24720.0
MinimumVisualStudioVersion = 10.0.40219.1
Project("{FAE04EC0-301F-11D3-BF4B-00C04F79EFBC}") = "Domain", "Domain\Domain.csproj", "{63729A62-D439-455B-9AEE-B1D466022A3F}"
EndProject
Project("{FAE04EC0-301F-11D3-BF4B-00C04F79EFBC}") = "DomainModel", "DomainModel\DomainModel.csproj", "{7B427894-3D45-48EF-B6C6-265ED2010305}"
EndProject
Project("{FAE04EC0-301F-11D3-BF4B-00C04F79EFBC}") = "GUI", "GUI\GUI.csproj", "{48F7619C-9D2B-440C-955C-CD178C6B551B}"
EndProject
Project("{FAE04EC0-301F-11D3-BF4B-00C04F79EFBC}") = "TestConsole", "TestConsole\TestConsole.csproj", "{A076E484-E40D-4D0E-A27D-D456AF22DB38}"
EndProject
Project("{FAE04EC0-301F-11D3-BF4B-00C04F79EFBC}") = "Services", "Services\Services.csproj", "{648F688D-6E85-4000-8F4F-46661C0759BD}"
EndProject
Project("{FAE04EC0-301F-11D3-BF4B-00C04F79EFBC}") = "AdminGUI", "AdminGUI\AdminGUI.csproj", "{C5BB9261-F6C4-499D-AFE1-5CD2A4FF7A77}"
EndProject
Project("{FAE04EC0-301F-11D3-BF4B-00C04F79EFBC}") = "UnitTest", "UnitTest\UnitTest.csproj", "{BB0DACD4-E984-487C-AD6B-36F8BC91AE65}"
EndProject
Global
	GlobalSection(SolutionConfigurationPlatforms) = preSolution
		Debug|Any CPU = Debug|Any CPU
		Release|Any CPU = Release|Any CPU
	EndGlobalSection
	GlobalSection(ProjectConfigurationPlatforms) = postSolution
		{63729A62-D439-455B-9AEE-B1D466022A3F}.Debug|Any CPU.ActiveCfg = Debug|Any CPU
		{63729A62-D439-455B-9AEE-B1D466022A3F}.Debug|Any CPU.Build.0 = Debug|Any CPU
		{63729A62-D439-455B-9AEE-B1D466022A3F}.Release|Any CPU.ActiveCfg = Release|Any CPU
		{63729A62-D439-455B-9AEE-B1D466022A3F}.Release|Any CPU.Build.0 = Release|Any CPU
		{7B427894-3D45-48EF-B6C6-265ED2010305}.Debug|Any CPU.ActiveCfg = Debug|Any CPU
		{7B427894-3D45-48EF-B6C6-265ED2010305}.Debug|Any CPU.Build.0 = Debug|Any CPU
		{7B427894-3D45-48EF-B6C6-265ED2010305}.Release|Any CPU.ActiveCfg = Release|Any CPU
		{7B427894-3D45-48EF-B6C6-265ED2010305}.Release|Any CPU.Build.0 = Release|Any CPU
		{48F7619C-9D2B-440C-955C-CD178C6B551B}.Debug|Any CPU.ActiveCfg = Debug|Any CPU
		{48F7619C-9D2B-440C-955C-CD178C6B551B}.Debug|Any CPU.Build.0 = Debug|Any CPU
		{48F7619C-9D2B-440C-955C-CD178C6B551B}.Release|Any CPU.ActiveCfg = Release|Any CPU
		{48F7619C-9D2B-440C-955C-CD178C6B551B}.Release|Any CPU.Build.0 = Release|Any CPU
		{A076E484-E40D-4D0E-A27D-D456AF22DB38}.Debug|Any CPU.ActiveCfg = Debug|Any CPU
		{A076E484-E40D-4D0E-A27D-D456AF22DB38}.Debug|Any CPU.Build.0 = Debug|Any CPU
		{A076E484-E40D-4D0E-A27D-D456AF22DB38}.Release|Any CPU.ActiveCfg = Release|Any CPU
		{A076E484-E40D-4D0E-A27D-D456AF22DB38}.Release|Any CPU.Build.0 = Release|Any CPU
		{648F688D-6E85-4000-8F4F-46661C0759BD}.Debug|Any CPU.ActiveCfg = Debug|Any CPU
		{648F688D-6E85-4000-8F4F-46661C0759BD}.Debug|Any CPU.Build.0 = Debug|Any CPU
		{648F688D-6E85-4000-8F4F-46661C0759BD}.Release|Any CPU.ActiveCfg = Release|Any CPU
		{648F688D-6E85-4000-8F4F-46661C0759BD}.Release|Any CPU.Build.0 = Release|Any CPU
		{C5BB9261-F6C4-499D-AFE1-5CD2A4FF7A77}.Debug|Any CPU.ActiveCfg = Debug|Any CPU
		{C5BB9261-F6C4-499D-AFE1-5CD2A4FF7A77}.Debug|Any CPU.Build.0 = Debug|Any CPU
		{C5BB9261-F6C4-499D-AFE1-5CD2A4FF7A77}.Release|Any CPU.ActiveCfg = Release|Any CPU
		{C5BB9261-F6C4-499D-AFE1-5CD2A4FF7A77}.Release|Any CPU.Build.0 = Release|Any CPU
		{BB0DACD4-E984-487C-AD6B-36F8BC91AE65}.Debug|Any CPU.ActiveCfg = Debug|Any CPU
		{BB0DACD4-E984-487C-AD6B-36F8BC91AE65}.Debug|Any CPU.Build.0 = Debug|Any CPU
		{BB0DACD4-E984-487C-AD6B-36F8BC91AE65}.Release|Any CPU.ActiveCfg = Release|Any CPU
		{BB0DACD4-E984-487C-AD6B-36F8BC91AE65}.Release|Any CPU.Build.0 = Release|Any CPU
	EndGlobalSection
	GlobalSection(SolutionProperties) = preSolution
		HideSolutionNode = FALSE
	EndGlobalSection
EndGlobal
